
Microsoft Visual Studio Solution File, Format Version 12.00
Project("{FAE04EC0-301F-11D3-BF4B-00C04F79EFBC}") = "SkyNet.Startup", "SkyNet.Startup\SkyNet.Startup.csproj", "{EC0A7607-AC1E-4A8C-AB9B-2EFC134A25BC}"
EndProject
Project("{FAE04EC0-301F-11D3-BF4B-00C04F79EFBC}") = "SkyNet.Bot", "SkyNet.Bot\SkyNet.Bot.csproj", "{6577318C-2584-492B-A8B2-CF8BD7442F8A}"
EndProject
Global
	GlobalSection(SolutionConfigurationPlatforms) = preSolution
		Debug|Any CPU = Debug|Any CPU
		Release|Any CPU = Release|Any CPU
	EndGlobalSection
	GlobalSection(ProjectConfigurationPlatforms) = postSolution
		{EC0A7607-AC1E-4A8C-AB9B-2EFC134A25BC}.Debug|Any CPU.ActiveCfg = Debug|Any CPU
		{EC0A7607-AC1E-4A8C-AB9B-2EFC134A25BC}.Debug|Any CPU.Build.0 = Debug|Any CPU
		{EC0A7607-AC1E-4A8C-AB9B-2EFC134A25BC}.Release|Any CPU.ActiveCfg = Release|Any CPU
		{EC0A7607-AC1E-4A8C-AB9B-2EFC134A25BC}.Release|Any CPU.Build.0 = Release|Any CPU
		{6577318C-2584-492B-A8B2-CF8BD7442F8A}.Debug|Any CPU.ActiveCfg = Debug|Any CPU
		{6577318C-2584-492B-A8B2-CF8BD7442F8A}.Debug|Any CPU.Build.0 = Debug|Any CPU
		{6577318C-2584-492B-A8B2-CF8BD7442F8A}.Release|Any CPU.ActiveCfg = Release|Any CPU
		{6577318C-2584-492B-A8B2-CF8BD7442F8A}.Release|Any CPU.Build.0 = Release|Any CPU
	EndGlobalSection
EndGlobal
